
Microsoft Visual Studio Solution File, Format Version 12.00
# Visual Studio Version 16
VisualStudioVersion = 16.0.30309.148
MinimumVisualStudioVersion = 10.0.40219.1
Project("{FAE04EC0-301F-11D3-BF4B-00C04F79EFBC}") = "MFCD", "MFCD.csproj", "{CA401295-8783-4CBE-B8D6-410FDA6DB84D}"
EndProject
Global
	GlobalSection(SolutionConfigurationPlatforms) = preSolution
		Debug|Any CPU = Debug|Any CPU
		Release|Any CPU = Release|Any CPU
	EndGlobalSection
	GlobalSection(ProjectConfigurationPlatforms) = postSolution
		{CA401295-8783-4CBE-B8D6-410FDA6DB84D}.Debug|Any CPU.ActiveCfg = Debug|Any CPU
		{CA401295-8783-4CBE-B8D6-410FDA6DB84D}.Debug|Any CPU.Build.0 = Debug|Any CPU
		{CA401295-8783-4CBE-B8D6-410FDA6DB84D}.Release|Any CPU.ActiveCfg = Release|Any CPU
		{CA401295-8783-4CBE-B8D6-410FDA6DB84D}.Release|Any CPU.Build.0 = Release|Any CPU
	EndGlobalSection
	GlobalSection(SolutionProperties) = preSolution
		HideSolutionNode = FALSE
	EndGlobalSection
	GlobalSection(ExtensibilityGlobals) = postSolution
		SolutionGuid = {5B8CBF8C-B185-4685-9484-239D265EC1EF}
	EndGlobalSection
EndGlobal
